
Microsoft Visual Studio Solution File, Format Version 12.00
# Visual Studio 2013
Project("{FAE04EC0-301F-11D3-BF4B-00C04F79EFBC}") = "UnityVS.PhidgetsIMU.CSharp", "UnityVS.PhidgetsIMU.CSharp.csproj", "{00126DCF-E78C-E421-8486-484FBF7377D5}"
EndProject
Global
	GlobalSection(SolutionConfigurationPlatforms) = preSolution
		Debug|Any CPU = Debug|Any CPU
		Release|Any CPU = Release|Any CPU
	EndGlobalSection
	GlobalSection(ProjectConfigurationPlatforms) = postSolution
		{00126DCF-E78C-E421-8486-484FBF7377D5}.Debug|Any CPU.ActiveCfg = Debug|Any CPU
		{00126DCF-E78C-E421-8486-484FBF7377D5}.Debug|Any CPU.Build.0 = Debug|Any CPU
		{00126DCF-E78C-E421-8486-484FBF7377D5}.Release|Any CPU.ActiveCfg = Release|Any CPU
		{00126DCF-E78C-E421-8486-484FBF7377D5}.Release|Any CPU.Build.0 = Release|Any CPU
	EndGlobalSection
	GlobalSection(SolutionProperties) = preSolution
		HideSolutionNode = FALSE
	EndGlobalSection
EndGlobal
